
Microsoft Visual Studio Solution File, Format Version 12.00
# Visual Studio Version 17
VisualStudioVersion = 17.1.32328.378
MinimumVisualStudioVersion = 10.0.40219.1
Project("{9A19103F-16F7-4668-BE54-9A1E7A4F7556}") = "StegoRevealer.StegoCore", "StegoRevealer.StegoCore\StegoRevealer.StegoCore.csproj", "{2425709C-1913-4325-A4DB-634A1AAE1F91}"
EndProject
Project("{9A19103F-16F7-4668-BE54-9A1E7A4F7556}") = "StegoRevealer.StegoCore.ModuleTests", "StegoRevealer.StegoCore.ModuleTests\StegoRevealer.StegoCore.ModuleTests.csproj", "{E6DE7E33-D77C-489F-9DB1-45C1A0E31A0C}"
EndProject
Project("{9A19103F-16F7-4668-BE54-9A1E7A4F7556}") = "StegoRevealer.UI", "StegoRevealer.UI\StegoRevealer.UI.csproj", "{5B9BBC54-F333-4F1F-BF77-942C8EC29CE7}"
EndProject
Project("{9A19103F-16F7-4668-BE54-9A1E7A4F7556}") = "StegoRevealer.UI.Desktop", "StegoRevealer.UI.Desktop\StegoRevealer.UI.Desktop.csproj", "{484CFAE8-8C6B-4D55-B2D2-08EC2DC3EB6D}"
EndProject
Project("{9A19103F-16F7-4668-BE54-9A1E7A4F7556}") = "StegoRevealer.StegoCore.DecisionModule", "StegoRevealer.StegoCore.DecisionModule\StegoRevealer.StegoCore.DecisionModule.csproj", "{279CAC5B-A0D9-452B-9291-731CB6ED090A}"
EndProject
Project("{9A19103F-16F7-4668-BE54-9A1E7A4F7556}") = "StegoRevealer.StegoCore.TrainingModule", "StegoRevealer.StegoCore.TrainingModule\StegoRevealer.StegoCore.TrainingModule.csproj", "{47EDE188-889C-4EAB-A91D-8ACEBA04DA36}"
EndProject
Project("{9A19103F-16F7-4668-BE54-9A1E7A4F7556}") = "StegoRevealer.Utils.DataPreparer", "StegoRevealer.Utils.DataPreparer\StegoRevealer.Utils.DataPreparer.csproj", "{644E07F5-6678-422E-A752-3BD3EAF23F40}"
EndProject
Project("{FAE04EC0-301F-11D3-BF4B-00C04F79EFBC}") = "StegoRevealer.Utils.CorrelationAnalyser", "StegoRevealer.Utils.CorrelationAnalyser\StegoRevealer.Utils.CorrelationAnalyser.csproj", "{914BE315-6E77-4C58-BFC1-7D8F381BEFF7}"
EndProject
Project("{FAE04EC0-301F-11D3-BF4B-00C04F79EFBC}") = "StegoRevealer.Utils.Common", "StegoRevealer.Utils.Common\StegoRevealer.Utils.Common.csproj", "{EC6F504F-0E50-42BA-93D5-319F19D31908}"
EndProject
Global
	GlobalSection(SolutionConfigurationPlatforms) = preSolution
		Debug|Any CPU = Debug|Any CPU
		Release|Any CPU = Release|Any CPU
	EndGlobalSection
	GlobalSection(ProjectConfigurationPlatforms) = postSolution
		{2425709C-1913-4325-A4DB-634A1AAE1F91}.Debug|Any CPU.ActiveCfg = Debug|Any CPU
		{2425709C-1913-4325-A4DB-634A1AAE1F91}.Debug|Any CPU.Build.0 = Debug|Any CPU
		{2425709C-1913-4325-A4DB-634A1AAE1F91}.Release|Any CPU.ActiveCfg = Release|Any CPU
		{2425709C-1913-4325-A4DB-634A1AAE1F91}.Release|Any CPU.Build.0 = Release|Any CPU
		{E6DE7E33-D77C-489F-9DB1-45C1A0E31A0C}.Debug|Any CPU.ActiveCfg = Debug|Any CPU
		{E6DE7E33-D77C-489F-9DB1-45C1A0E31A0C}.Debug|Any CPU.Build.0 = Debug|Any CPU
		{E6DE7E33-D77C-489F-9DB1-45C1A0E31A0C}.Release|Any CPU.ActiveCfg = Release|Any CPU
		{E6DE7E33-D77C-489F-9DB1-45C1A0E31A0C}.Release|Any CPU.Build.0 = Release|Any CPU
		{5B9BBC54-F333-4F1F-BF77-942C8EC29CE7}.Debug|Any CPU.ActiveCfg = Debug|Any CPU
		{5B9BBC54-F333-4F1F-BF77-942C8EC29CE7}.Debug|Any CPU.Build.0 = Debug|Any CPU
		{5B9BBC54-F333-4F1F-BF77-942C8EC29CE7}.Release|Any CPU.ActiveCfg = Release|Any CPU
		{5B9BBC54-F333-4F1F-BF77-942C8EC29CE7}.Release|Any CPU.Build.0 = Release|Any CPU
		{484CFAE8-8C6B-4D55-B2D2-08EC2DC3EB6D}.Debug|Any CPU.ActiveCfg = Debug|Any CPU
		{484CFAE8-8C6B-4D55-B2D2-08EC2DC3EB6D}.Debug|Any CPU.Build.0 = Debug|Any CPU
		{484CFAE8-8C6B-4D55-B2D2-08EC2DC3EB6D}.Release|Any CPU.ActiveCfg = Release|Any CPU
		{484CFAE8-8C6B-4D55-B2D2-08EC2DC3EB6D}.Release|Any CPU.Build.0 = Release|Any CPU
		{279CAC5B-A0D9-452B-9291-731CB6ED090A}.Debug|Any CPU.ActiveCfg = Debug|Any CPU
		{279CAC5B-A0D9-452B-9291-731CB6ED090A}.Debug|Any CPU.Build.0 = Debug|Any CPU
		{279CAC5B-A0D9-452B-9291-731CB6ED090A}.Release|Any CPU.ActiveCfg = Release|Any CPU
		{279CAC5B-A0D9-452B-9291-731CB6ED090A}.Release|Any CPU.Build.0 = Release|Any CPU
		{47EDE188-889C-4EAB-A91D-8ACEBA04DA36}.Debug|Any CPU.ActiveCfg = Debug|Any CPU
		{47EDE188-889C-4EAB-A91D-8ACEBA04DA36}.Debug|Any CPU.Build.0 = Debug|Any CPU
		{47EDE188-889C-4EAB-A91D-8ACEBA04DA36}.Release|Any CPU.ActiveCfg = Release|Any CPU
		{47EDE188-889C-4EAB-A91D-8ACEBA04DA36}.Release|Any CPU.Build.0 = Release|Any CPU
		{644E07F5-6678-422E-A752-3BD3EAF23F40}.Debug|Any CPU.ActiveCfg = Debug|Any CPU
		{644E07F5-6678-422E-A752-3BD3EAF23F40}.Debug|Any CPU.Build.0 = Debug|Any CPU
		{644E07F5-6678-422E-A752-3BD3EAF23F40}.Release|Any CPU.ActiveCfg = Release|Any CPU
		{644E07F5-6678-422E-A752-3BD3EAF23F40}.Release|Any CPU.Build.0 = Release|Any CPU
		{914BE315-6E77-4C58-BFC1-7D8F381BEFF7}.Debug|Any CPU.ActiveCfg = Debug|Any CPU
		{914BE315-6E77-4C58-BFC1-7D8F381BEFF7}.Debug|Any CPU.Build.0 = Debug|Any CPU
		{914BE315-6E77-4C58-BFC1-7D8F381BEFF7}.Release|Any CPU.ActiveCfg = Release|Any CPU
		{914BE315-6E77-4C58-BFC1-7D8F381BEFF7}.Release|Any CPU.Build.0 = Release|Any CPU
		{EC6F504F-0E50-42BA-93D5-319F19D31908}.Debug|Any CPU.ActiveCfg = Debug|Any CPU
		{EC6F504F-0E50-42BA-93D5-319F19D31908}.Debug|Any CPU.Build.0 = Debug|Any CPU
		{EC6F504F-0E50-42BA-93D5-319F19D31908}.Release|Any CPU.ActiveCfg = Release|Any CPU
		{EC6F504F-0E50-42BA-93D5-319F19D31908}.Release|Any CPU.Build.0 = Release|Any CPU
	EndGlobalSection
	GlobalSection(SolutionProperties) = preSolution
		HideSolutionNode = FALSE
	EndGlobalSection
	GlobalSection(ExtensibilityGlobals) = postSolution
		SolutionGuid = {A533FB25-1CDC-4CD8-86EB-BCD9CB4F3520}
	EndGlobalSection
EndGlobal
