
Microsoft Visual Studio Solution File, Format Version 12.00
# Visual Studio Version 17
VisualStudioVersion = 17.1.32328.378
MinimumVisualStudioVersion = 10.0.40219.1
Project("{9A19103F-16F7-4668-BE54-9A1E7A4F7556}") = "StegoRevealer.WinUi", "StegoRevealer.WinUi\StegoRevealer.WinUi.csproj", "{4CA7BC76-4BC9-410B-85BB-FD2B0D3C697C}"
EndProject
Project("{9A19103F-16F7-4668-BE54-9A1E7A4F7556}") = "StegoRevealer.StegoCore", "StegoRevealer.StegoCore\StegoRevealer.StegoCore.csproj", "{2425709C-1913-4325-A4DB-634A1AAE1F91}"
EndProject
Global
	GlobalSection(SolutionConfigurationPlatforms) = preSolution
		Debug|Any CPU = Debug|Any CPU
		Release|Any CPU = Release|Any CPU
	EndGlobalSection
	GlobalSection(ProjectConfigurationPlatforms) = postSolution
		{4CA7BC76-4BC9-410B-85BB-FD2B0D3C697C}.Debug|Any CPU.ActiveCfg = Debug|Any CPU
		{4CA7BC76-4BC9-410B-85BB-FD2B0D3C697C}.Debug|Any CPU.Build.0 = Debug|Any CPU
		{4CA7BC76-4BC9-410B-85BB-FD2B0D3C697C}.Release|Any CPU.ActiveCfg = Release|Any CPU
		{4CA7BC76-4BC9-410B-85BB-FD2B0D3C697C}.Release|Any CPU.Build.0 = Release|Any CPU
		{2425709C-1913-4325-A4DB-634A1AAE1F91}.Debug|Any CPU.ActiveCfg = Debug|Any CPU
		{2425709C-1913-4325-A4DB-634A1AAE1F91}.Debug|Any CPU.Build.0 = Debug|Any CPU
		{2425709C-1913-4325-A4DB-634A1AAE1F91}.Release|Any CPU.ActiveCfg = Release|Any CPU
		{2425709C-1913-4325-A4DB-634A1AAE1F91}.Release|Any CPU.Build.0 = Release|Any CPU
	EndGlobalSection
	GlobalSection(SolutionProperties) = preSolution
		HideSolutionNode = FALSE
	EndGlobalSection
	GlobalSection(ExtensibilityGlobals) = postSolution
		SolutionGuid = {A533FB25-1CDC-4CD8-86EB-BCD9CB4F3520}
	EndGlobalSection
EndGlobal
